
Microsoft Visual Studio Solution File, Format Version 12.00
# Visual Studio Version 16
VisualStudioVersion = 16.0.30413.136
MinimumVisualStudioVersion = 10.0.40219.1
Project("{E24C65DC-7377-472B-9ABA-BC803B73C61A}") = "Portal_Documentos", "Portal_Documentos\", "{0FFD5B50-EC4D-44DA-B327-12755562666D}"
	ProjectSection(WebsiteProperties) = preProject
		TargetFrameworkMoniker = ".NETFramework,Version%3Dv4.5.2"
		Debug.AspNetCompiler.VirtualPath = "/localhost_56595"
		Debug.AspNetCompiler.PhysicalPath = "Portal_Documentos\"
		Debug.AspNetCompiler.TargetPath = "PrecompiledWeb\localhost_56595\"
		Debug.AspNetCompiler.Updateable = "true"
		Debug.AspNetCompiler.ForceOverwrite = "true"
		Debug.AspNetCompiler.FixedNames = "false"
		Debug.AspNetCompiler.Debug = "True"
		Release.AspNetCompiler.VirtualPath = "/localhost_56595"
		Release.AspNetCompiler.PhysicalPath = "Portal_Documentos\"
		Release.AspNetCompiler.TargetPath = "PrecompiledWeb\localhost_56595\"
		Release.AspNetCompiler.Updateable = "true"
		Release.AspNetCompiler.ForceOverwrite = "true"
		Release.AspNetCompiler.FixedNames = "false"
		Release.AspNetCompiler.Debug = "False"
		VWDPort = "56595"
		SlnRelativePath = "Portal_Documentos\"
		DefaultWebSiteLanguage = "Visual C#"
	EndProjectSection
EndProject
Global
	GlobalSection(SolutionConfigurationPlatforms) = preSolution
		Debug|Any CPU = Debug|Any CPU
	EndGlobalSection
	GlobalSection(ProjectConfigurationPlatforms) = postSolution
		{0FFD5B50-EC4D-44DA-B327-12755562666D}.Debug|Any CPU.ActiveCfg = Debug|Any CPU
		{0FFD5B50-EC4D-44DA-B327-12755562666D}.Debug|Any CPU.Build.0 = Debug|Any CPU
	EndGlobalSection
	GlobalSection(SolutionProperties) = preSolution
		HideSolutionNode = FALSE
	EndGlobalSection
	GlobalSection(ExtensibilityGlobals) = postSolution
		SolutionGuid = {63FA2D80-F53D-4562-9AE3-B65D84B9EA8C}
	EndGlobalSection
EndGlobal
